// !$*UTF8*$!
{
	archiveVersion = 1;
	classes = {
	};
	objectVersion = 55;
	objects = {

/* Begin PBXBuildFile section */
		090B03A727D6026E003E11CA /* TestWeatherController.swift in Sources */ = {isa = PBXBuildFile; fileRef = 090B03A627D6026E003E11CA /* TestWeatherController.swift */; };
		090B03A927D60C6D003E11CA /* RxBlocking in Frameworks */ = {isa = PBXBuildFile; productRef = 090B03A827D60C6D003E11CA /* RxBlocking */; };
		090B03AB27D619E7003E11CA /* TranslationControllersTest.swift in Sources */ = {isa = PBXBuildFile; fileRef = 090B03AA27D619E7003E11CA /* TranslationControllersTest.swift */; };
		0912DE0F279F1786008327E5 /* RxSwift in Frameworks */ = {isa = PBXBuildFile; productRef = 0912DE0E279F1786008327E5 /* RxSwift */; };
		0912DE11279F178B008327E5 /* RxCocoa in Frameworks */ = {isa = PBXBuildFile; productRef = 0912DE10279F178B008327E5 /* RxCocoa */; };
		0912DE13279F1790008327E5 /* RxRelay in Frameworks */ = {isa = PBXBuildFile; productRef = 0912DE12279F1790008327E5 /* RxRelay */; };
		091BE29327B11B1D00AE4482 /* GoogleAPI.swift in Sources */ = {isa = PBXBuildFile; fileRef = 091BE29227B11B1D00AE4482 /* GoogleAPI.swift */; };
		091BE29527B11BD500AE4482 /* TranslatedResponse.swift in Sources */ = {isa = PBXBuildFile; fileRef = 091BE29427B11BD500AE4482 /* TranslatedResponse.swift */; };
		091BE29727B12B0700AE4482 /* Language.swift in Sources */ = {isa = PBXBuildFile; fileRef = 091BE29627B12B0700AE4482 /* Language.swift */; };
		091BE29927B12D4200AE4482 /* TranslationViewModel.swift in Sources */ = {isa = PBXBuildFile; fileRef = 091BE29827B12D4200AE4482 /* TranslationViewModel.swift */; };
		091BE29B27B12E1C00AE4482 /* TranslationBaseState.swift in Sources */ = {isa = PBXBuildFile; fileRef = 091BE29A27B12E1C00AE4482 /* TranslationBaseState.swift */; };
		0921172D27CE1D0100260B9D /* WeatherViewModelTest.swift in Sources */ = {isa = PBXBuildFile; fileRef = 0921172C27CE1D0100260B9D /* WeatherViewModelTest.swift */; };
		0922E6D327CBE12A007FBA0A /* OpenWeatherAPITest.swift in Sources */ = {isa = PBXBuildFile; fileRef = 0922E6D227CBE12A007FBA0A /* OpenWeatherAPITest.swift */; };
		0922E6D527CCD16B007FBA0A /* TranslateAPITest.swift in Sources */ = {isa = PBXBuildFile; fileRef = 0922E6D427CCD16B007FBA0A /* TranslateAPITest.swift */; };
		0922E6D727CCE455007FBA0A /* CurrencyAPITest.swift in Sources */ = {isa = PBXBuildFile; fileRef = 0922E6D627CCE455007FBA0A /* CurrencyAPITest.swift */; };
		0922E6DA27CD198E007FBA0A /* CurrencyViewModelTest.swift in Sources */ = {isa = PBXBuildFile; fileRef = 0922E6D927CD198E007FBA0A /* CurrencyViewModelTest.swift */; };
		0922E6DD27CD48EA007FBA0A /* TranslationViewModelTest.swift in Sources */ = {isa = PBXBuildFile; fileRef = 0922E6DC27CD48EA007FBA0A /* TranslationViewModelTest.swift */; };
		0935116027A81C890032AB10 /* BaseStateViewModel.swift in Sources */ = {isa = PBXBuildFile; fileRef = 0935115F27A81C890032AB10 /* BaseStateViewModel.swift */; };
		0935116227A81DBA0032AB10 /* CurrencyBaseState.swift in Sources */ = {isa = PBXBuildFile; fileRef = 0935116127A81DBA0032AB10 /* CurrencyBaseState.swift */; };
		0935116427A8205F0032AB10 /* CurrencyViewModel.swift in Sources */ = {isa = PBXBuildFile; fileRef = 0935116327A8205F0032AB10 /* CurrencyViewModel.swift */; };
		093F1CFD283A596C000B069E /* Currency.swift in Sources */ = {isa = PBXBuildFile; fileRef = 093F1CFC283A596C000B069E /* Currency.swift */; };
		093F1D02283A5D16000B069E /* FixerCurrencyExchange.swift in Sources */ = {isa = PBXBuildFile; fileRef = 093F1D01283A5D16000B069E /* FixerCurrencyExchange.swift */; };
		09447F7C27B66C0000838132 /* Dependency handler.swift in Sources */ = {isa = PBXBuildFile; fileRef = 09447F7B27B66C0000838132 /* Dependency handler.swift */; };
		09447F7F27B66C6C00838132 /* Swinject in Frameworks */ = {isa = PBXBuildFile; productRef = 09447F7E27B66C6C00838132 /* Swinject */; };
		09447F8427B6717900838132 /* SwinjectStoryboard in Frameworks */ = {isa = PBXBuildFile; productRef = 09447F8327B6717900838132 /* SwinjectStoryboard */; };
		094ADC6C279AC6BF005B2437 /* SwitchView.swift in Sources */ = {isa = PBXBuildFile; fileRef = 094ADC6B279AC6BF005B2437 /* SwitchView.swift */; };
		0966558B283BF44D00894134 /* OpenWeather.swift in Sources */ = {isa = PBXBuildFile; fileRef = 0966558A283BF44D00894134 /* OpenWeather.swift */; };
		0966558F283BF61000894134 /* ApiKeys.swift in Sources */ = {isa = PBXBuildFile; fileRef = 0966558E283BF61000894134 /* ApiKeys.swift */; };
		09665593283C249700894134 /* ApiKeys.swift in Sources */ = {isa = PBXBuildFile; fileRef = 09665592283C249700894134 /* ApiKeys.swift */; };
		09665595283C289300894134 /* Decodable.swift in Sources */ = {isa = PBXBuildFile; fileRef = 09665594283C289300894134 /* Decodable.swift */; };
		09665597283C297B00894134 /* extension.swift in Sources */ = {isa = PBXBuildFile; fileRef = 09665596283C297B00894134 /* extension.swift */; };
		09665599283C2A4500894134 /* extension.swift in Sources */ = {isa = PBXBuildFile; fileRef = 09665598283C2A4500894134 /* extension.swift */; };
		0981D94227AD3B67000758C8 /* RestApi.swift in Sources */ = {isa = PBXBuildFile; fileRef = 0981D94127AD3B67000758C8 /* RestApi.swift */; };
		0981D94427AD9327000758C8 /* MainTranslationControllerViewController.swift in Sources */ = {isa = PBXBuildFile; fileRef = 0981D94327AD9327000758C8 /* MainTranslationControllerViewController.swift */; };
		0981D94627AD9D50000758C8 /* TranslatedViewController.swift in Sources */ = {isa = PBXBuildFile; fileRef = 0981D94527AD9D50000758C8 /* TranslatedViewController.swift */; };
		0986242E27A011C40026E3A6 /* MockData.swift in Sources */ = {isa = PBXBuildFile; fileRef = 0986242D27A011C40026E3A6 /* MockData.swift */; };
		0986243027A011F90026E3A6 /* BaluchonError.swift in Sources */ = {isa = PBXBuildFile; fileRef = 0986242F27A011F90026E3A6 /* BaluchonError.swift */; };
		098BB97927D375EA0047B4A0 /* ResetButton.swift in Sources */ = {isa = PBXBuildFile; fileRef = 098BB97827D375EA0047B4A0 /* ResetButton.swift */; };
		098BB97C27D4DF520047B4A0 /* ViewControllerTest.swift in Sources */ = {isa = PBXBuildFile; fileRef = 098BB97B27D4DF520047B4A0 /* ViewControllerTest.swift */; };
		098BB97F27D51DC60047B4A0 /* CurrencyViewModelMock.swift in Sources */ = {isa = PBXBuildFile; fileRef = 098BB97E27D51DC60047B4A0 /* CurrencyViewModelMock.swift */; };
		098CBDB5279DB7C300365D2D /* CurrencyExchange.swift in Sources */ = {isa = PBXBuildFile; fileRef = 098CBDB4279DB7C300365D2D /* CurrencyExchange.swift */; };
		09A50B2C283BD65900B39BDC /* OpenWeatherAPI.swift in Sources */ = {isa = PBXBuildFile; fileRef = 09A50B2B283BD65900B39BDC /* OpenWeatherAPI.swift */; };
		09AFDC0327C2DE5F00AB1C51 /* WeatherBaseState.swift in Sources */ = {isa = PBXBuildFile; fileRef = 09AFDC0227C2DE5F00AB1C51 /* WeatherBaseState.swift */; };
		09AFDC0527C2E1C800AB1C51 /* WeatherViewModel.swift in Sources */ = {isa = PBXBuildFile; fileRef = 09AFDC0427C2E1C800AB1C51 /* WeatherViewModel.swift */; };
		09AFDC0727C39D0600AB1C51 /* UserLocationManager.swift in Sources */ = {isa = PBXBuildFile; fileRef = 09AFDC0627C39D0600AB1C51 /* UserLocationManager.swift */; };
		09AFDC0927C3A2AD00AB1C51 /* Location.swift in Sources */ = {isa = PBXBuildFile; fileRef = 09AFDC0827C3A2AD00AB1C51 /* Location.swift */; };
		09B85B0B2795EE5100777452 /* FlagKit in Frameworks */ = {isa = PBXBuildFile; productRef = 09B85B0A2795EE5100777452 /* FlagKit */; };
		09C5F06B2795720200EA50A8 /* AppDelegate.swift in Sources */ = {isa = PBXBuildFile; fileRef = 09C5F06A2795720200EA50A8 /* AppDelegate.swift */; };
		09C5F06D2795720200EA50A8 /* SceneDelegate.swift in Sources */ = {isa = PBXBuildFile; fileRef = 09C5F06C2795720200EA50A8 /* SceneDelegate.swift */; };
		09C5F06F2795720200EA50A8 /* ViewController.swift in Sources */ = {isa = PBXBuildFile; fileRef = 09C5F06E2795720200EA50A8 /* ViewController.swift */; };
		09C5F0722795720200EA50A8 /* Main.storyboard in Resources */ = {isa = PBXBuildFile; fileRef = 09C5F0702795720200EA50A8 /* Main.storyboard */; };
		09C5F0742795720200EA50A8 /* Assets.xcassets in Resources */ = {isa = PBXBuildFile; fileRef = 09C5F0732795720200EA50A8 /* Assets.xcassets */; };
		09C5F0772795720200EA50A8 /* LaunchScreen.storyboard in Resources */ = {isa = PBXBuildFile; fileRef = 09C5F0752795720200EA50A8 /* LaunchScreen.storyboard */; };
		09D19FB3279F00B3007FFAAA /* FixerAPI.swift in Sources */ = {isa = PBXBuildFile; fileRef = 09D19FB2279F00B3007FFAAA /* FixerAPI.swift */; };
		09D52AE0283B975700D0B982 /* extension.swift in Sources */ = {isa = PBXBuildFile; fileRef = 09D52ADF283B975700D0B982 /* extension.swift */; };
		09D8638E27BBF7890084012F /* WeatherViewController.swift in Sources */ = {isa = PBXBuildFile; fileRef = 09D8638D27BBF7890084012F /* WeatherViewController.swift */; };
		09D8639027BC0D990084012F /* Weather.swift in Sources */ = {isa = PBXBuildFile; fileRef = 09D8638F27BC0D990084012F /* Weather.swift */; };
		09F0175627CA44E100A380D6 /* BaluchonAlert.swift in Sources */ = {isa = PBXBuildFile; fileRef = 09F0175527CA44E100A380D6 /* BaluchonAlert.swift */; };
/* End PBXBuildFile section */

/* Begin PBXContainerItemProxy section */
		09C5F07E2795720300EA50A8 /* PBXContainerItemProxy */ = {
			isa = PBXContainerItemProxy;
			containerPortal = 09C5F05F2795720200EA50A8 /* Project object */;
			proxyType = 1;
			remoteGlobalIDString = 09C5F0662795720200EA50A8;
			remoteInfo = Baluchon;
		};
/* End PBXContainerItemProxy section */

/* Begin PBXFileReference section */
		090B03A627D6026E003E11CA /* TestWeatherController.swift */ = {isa = PBXFileReference; lastKnownFileType = sourcecode.swift; path = TestWeatherController.swift; sourceTree = "<group>"; };
		090B03AA27D619E7003E11CA /* TranslationControllersTest.swift */ = {isa = PBXFileReference; lastKnownFileType = sourcecode.swift; path = TranslationControllersTest.swift; sourceTree = "<group>"; };
		091BE29227B11B1D00AE4482 /* GoogleAPI.swift */ = {isa = PBXFileReference; lastKnownFileType = sourcecode.swift; path = GoogleAPI.swift; sourceTree = "<group>"; };
		091BE29427B11BD500AE4482 /* TranslatedResponse.swift */ = {isa = PBXFileReference; lastKnownFileType = sourcecode.swift; path = TranslatedResponse.swift; sourceTree = "<group>"; };
		091BE29627B12B0700AE4482 /* Language.swift */ = {isa = PBXFileReference; lastKnownFileType = sourcecode.swift; path = Language.swift; sourceTree = "<group>"; };
		091BE29827B12D4200AE4482 /* TranslationViewModel.swift */ = {isa = PBXFileReference; lastKnownFileType = sourcecode.swift; path = TranslationViewModel.swift; sourceTree = "<group>"; };
		091BE29A27B12E1C00AE4482 /* TranslationBaseState.swift */ = {isa = PBXFileReference; lastKnownFileType = sourcecode.swift; path = TranslationBaseState.swift; sourceTree = "<group>"; };
		0921172C27CE1D0100260B9D /* WeatherViewModelTest.swift */ = {isa = PBXFileReference; lastKnownFileType = sourcecode.swift; path = WeatherViewModelTest.swift; sourceTree = "<group>"; };
		0922E6D227CBE12A007FBA0A /* OpenWeatherAPITest.swift */ = {isa = PBXFileReference; lastKnownFileType = sourcecode.swift; path = OpenWeatherAPITest.swift; sourceTree = "<group>"; };
		0922E6D427CCD16B007FBA0A /* TranslateAPITest.swift */ = {isa = PBXFileReference; lastKnownFileType = sourcecode.swift; path = TranslateAPITest.swift; sourceTree = "<group>"; };
		0922E6D627CCE455007FBA0A /* CurrencyAPITest.swift */ = {isa = PBXFileReference; lastKnownFileType = sourcecode.swift; path = CurrencyAPITest.swift; sourceTree = "<group>"; };
		0922E6D927CD198E007FBA0A /* CurrencyViewModelTest.swift */ = {isa = PBXFileReference; lastKnownFileType = sourcecode.swift; path = CurrencyViewModelTest.swift; sourceTree = "<group>"; };
		0922E6DC27CD48EA007FBA0A /* TranslationViewModelTest.swift */ = {isa = PBXFileReference; lastKnownFileType = sourcecode.swift; path = TranslationViewModelTest.swift; sourceTree = "<group>"; };
		0935115F27A81C890032AB10 /* BaseStateViewModel.swift */ = {isa = PBXFileReference; lastKnownFileType = sourcecode.swift; path = BaseStateViewModel.swift; sourceTree = "<group>"; };
		0935116127A81DBA0032AB10 /* CurrencyBaseState.swift */ = {isa = PBXFileReference; lastKnownFileType = sourcecode.swift; path = CurrencyBaseState.swift; sourceTree = "<group>"; };
		0935116327A8205F0032AB10 /* CurrencyViewModel.swift */ = {isa = PBXFileReference; lastKnownFileType = sourcecode.swift; path = CurrencyViewModel.swift; sourceTree = "<group>"; };
		093F1CFC283A596C000B069E /* Currency.swift */ = {isa = PBXFileReference; lastKnownFileType = sourcecode.swift; path = Currency.swift; sourceTree = "<group>"; };
		093F1D01283A5D16000B069E /* FixerCurrencyExchange.swift */ = {isa = PBXFileReference; lastKnownFileType = sourcecode.swift; path = FixerCurrencyExchange.swift; sourceTree = "<group>"; };
		09447F7B27B66C0000838132 /* Dependency handler.swift */ = {isa = PBXFileReference; lastKnownFileType = sourcecode.swift; path = "Dependency handler.swift"; sourceTree = "<group>"; };
		094ADC6B279AC6BF005B2437 /* SwitchView.swift */ = {isa = PBXFileReference; lastKnownFileType = sourcecode.swift; path = SwitchView.swift; sourceTree = "<group>"; };
		0966558A283BF44D00894134 /* OpenWeather.swift */ = {isa = PBXFileReference; fileEncoding = 4; lastKnownFileType = sourcecode.swift; path = OpenWeather.swift; sourceTree = "<group>"; };
		0966558E283BF61000894134 /* ApiKeys.swift */ = {isa = PBXFileReference; lastKnownFileType = sourcecode.swift; path = ApiKeys.swift; sourceTree = "<group>"; };
		09665592283C249700894134 /* ApiKeys.swift */ = {isa = PBXFileReference; lastKnownFileType = sourcecode.swift; path = ApiKeys.swift; sourceTree = "<group>"; };
		09665594283C289300894134 /* Decodable.swift */ = {isa = PBXFileReference; lastKnownFileType = sourcecode.swift; path = Decodable.swift; sourceTree = "<group>"; };
		09665596283C297B00894134 /* extension.swift */ = {isa = PBXFileReference; lastKnownFileType = sourcecode.swift; path = extension.swift; sourceTree = "<group>"; };
		09665598283C2A4500894134 /* extension.swift */ = {isa = PBXFileReference; lastKnownFileType = sourcecode.swift; path = extension.swift; sourceTree = "<group>"; };
		0981D94127AD3B67000758C8 /* RestApi.swift */ = {isa = PBXFileReference; lastKnownFileType = sourcecode.swift; path = RestApi.swift; sourceTree = "<group>"; };
		0981D94327AD9327000758C8 /* MainTranslationControllerViewController.swift */ = {isa = PBXFileReference; lastKnownFileType = sourcecode.swift; path = MainTranslationControllerViewController.swift; sourceTree = "<group>"; };
		0981D94527AD9D50000758C8 /* TranslatedViewController.swift */ = {isa = PBXFileReference; lastKnownFileType = sourcecode.swift; path = TranslatedViewController.swift; sourceTree = "<group>"; };
		0986242D27A011C40026E3A6 /* MockData.swift */ = {isa = PBXFileReference; lastKnownFileType = sourcecode.swift; path = MockData.swift; sourceTree = "<group>"; };
		0986242F27A011F90026E3A6 /* BaluchonError.swift */ = {isa = PBXFileReference; lastKnownFileType = sourcecode.swift; path = BaluchonError.swift; sourceTree = "<group>"; };
		098BB97827D375EA0047B4A0 /* ResetButton.swift */ = {isa = PBXFileReference; lastKnownFileType = sourcecode.swift; path = ResetButton.swift; sourceTree = "<group>"; };
		098BB97B27D4DF520047B4A0 /* ViewControllerTest.swift */ = {isa = PBXFileReference; lastKnownFileType = sourcecode.swift; path = ViewControllerTest.swift; sourceTree = "<group>"; };
		098BB97E27D51DC60047B4A0 /* CurrencyViewModelMock.swift */ = {isa = PBXFileReference; lastKnownFileType = sourcecode.swift; path = CurrencyViewModelMock.swift; sourceTree = "<group>"; };
		098CBDB4279DB7C300365D2D /* CurrencyExchange.swift */ = {isa = PBXFileReference; lastKnownFileType = sourcecode.swift; path = CurrencyExchange.swift; sourceTree = "<group>"; };
		09A50B2B283BD65900B39BDC /* OpenWeatherAPI.swift */ = {isa = PBXFileReference; fileEncoding = 4; lastKnownFileType = sourcecode.swift; path = OpenWeatherAPI.swift; sourceTree = "<group>"; };
		09AFDC0227C2DE5F00AB1C51 /* WeatherBaseState.swift */ = {isa = PBXFileReference; lastKnownFileType = sourcecode.swift; path = WeatherBaseState.swift; sourceTree = "<group>"; };
		09AFDC0427C2E1C800AB1C51 /* WeatherViewModel.swift */ = {isa = PBXFileReference; lastKnownFileType = sourcecode.swift; path = WeatherViewModel.swift; sourceTree = "<group>"; };
		09AFDC0627C39D0600AB1C51 /* UserLocationManager.swift */ = {isa = PBXFileReference; lastKnownFileType = sourcecode.swift; path = UserLocationManager.swift; sourceTree = "<group>"; };
		09AFDC0827C3A2AD00AB1C51 /* Location.swift */ = {isa = PBXFileReference; lastKnownFileType = sourcecode.swift; path = Location.swift; sourceTree = "<group>"; };
		09C5F0672795720200EA50A8 /* Baluchon.app */ = {isa = PBXFileReference; explicitFileType = wrapper.application; includeInIndex = 0; path = Baluchon.app; sourceTree = BUILT_PRODUCTS_DIR; };
		09C5F06A2795720200EA50A8 /* AppDelegate.swift */ = {isa = PBXFileReference; lastKnownFileType = sourcecode.swift; path = AppDelegate.swift; sourceTree = "<group>"; };
		09C5F06C2795720200EA50A8 /* SceneDelegate.swift */ = {isa = PBXFileReference; lastKnownFileType = sourcecode.swift; path = SceneDelegate.swift; sourceTree = "<group>"; };
		09C5F06E2795720200EA50A8 /* ViewController.swift */ = {isa = PBXFileReference; lastKnownFileType = sourcecode.swift; path = ViewController.swift; sourceTree = "<group>"; };
		09C5F0712795720200EA50A8 /* Base */ = {isa = PBXFileReference; lastKnownFileType = file.storyboard; name = Base; path = Base.lproj/Main.storyboard; sourceTree = "<group>"; };
		09C5F0732795720200EA50A8 /* Assets.xcassets */ = {isa = PBXFileReference; lastKnownFileType = folder.assetcatalog; path = Assets.xcassets; sourceTree = "<group>"; };
		09C5F0762795720200EA50A8 /* Base */ = {isa = PBXFileReference; lastKnownFileType = file.storyboard; name = Base; path = Base.lproj/LaunchScreen.storyboard; sourceTree = "<group>"; };
		09C5F0782795720200EA50A8 /* Info.plist */ = {isa = PBXFileReference; lastKnownFileType = text.plist.xml; path = Info.plist; sourceTree = "<group>"; };
		09C5F07D2795720300EA50A8 /* BaluchonTests.xctest */ = {isa = PBXFileReference; explicitFileType = wrapper.cfbundle; includeInIndex = 0; path = BaluchonTests.xctest; sourceTree = BUILT_PRODUCTS_DIR; };
		09C5F08B2795720300EA50A8 /* BaluchonUITests.swift */ = {isa = PBXFileReference; lastKnownFileType = sourcecode.swift; path = BaluchonUITests.swift; sourceTree = "<group>"; };
		09C5F08D2795720300EA50A8 /* BaluchonUITestsLaunchTests.swift */ = {isa = PBXFileReference; lastKnownFileType = sourcecode.swift; path = BaluchonUITestsLaunchTests.swift; sourceTree = "<group>"; };
		09D19FB2279F00B3007FFAAA /* FixerAPI.swift */ = {isa = PBXFileReference; lastKnownFileType = sourcecode.swift; path = FixerAPI.swift; sourceTree = "<group>"; };
		09D52ADF283B975700D0B982 /* extension.swift */ = {isa = PBXFileReference; lastKnownFileType = sourcecode.swift; path = extension.swift; sourceTree = "<group>"; };
		09D8638D27BBF7890084012F /* WeatherViewController.swift */ = {isa = PBXFileReference; lastKnownFileType = sourcecode.swift; path = WeatherViewController.swift; sourceTree = "<group>"; };
		09D8638F27BC0D990084012F /* Weather.swift */ = {isa = PBXFileReference; lastKnownFileType = sourcecode.swift; path = Weather.swift; sourceTree = "<group>"; };
		09F0175527CA44E100A380D6 /* BaluchonAlert.swift */ = {isa = PBXFileReference; lastKnownFileType = sourcecode.swift; path = BaluchonAlert.swift; sourceTree = "<group>"; };
/* End PBXFileReference section */

/* Begin PBXFrameworksBuildPhase section */
		09C5F0642795720200EA50A8 /* Frameworks */ = {
			isa = PBXFrameworksBuildPhase;
			buildActionMask = 2147483647;
			files = (
				0912DE11279F178B008327E5 /* RxCocoa in Frameworks */,
				09447F7F27B66C6C00838132 /* Swinject in Frameworks */,
				0912DE0F279F1786008327E5 /* RxSwift in Frameworks */,
				0912DE13279F1790008327E5 /* RxRelay in Frameworks */,
				09447F8427B6717900838132 /* SwinjectStoryboard in Frameworks */,
				09B85B0B2795EE5100777452 /* FlagKit in Frameworks */,
				090B03A927D60C6D003E11CA /* RxBlocking in Frameworks */,
			);
			runOnlyForDeploymentPostprocessing = 0;
		};
		09C5F07A2795720300EA50A8 /* Frameworks */ = {
			isa = PBXFrameworksBuildPhase;
			buildActionMask = 2147483647;
			files = (
			);
			runOnlyForDeploymentPostprocessing = 0;
		};
/* End PBXFrameworksBuildPhase section */

/* Begin PBXGroup section */
		090B03A527D60253003E11CA /* Weather */ = {
			isa = PBXGroup;
			children = (
				090B03A627D6026E003E11CA /* TestWeatherController.swift */,
			);
			path = Weather;
			sourceTree = "<group>";
		};
		0915DEB827B7CEFC00010192 /* DI */ = {
			isa = PBXGroup;
			children = (
				09447F7B27B66C0000838132 /* Dependency handler.swift */,
			);
			path = DI;
			sourceTree = "<group>";
		};
		0915DEB927B7CF3F00010192 /* ViewModels */ = {
			isa = PBXGroup;
			children = (
				0935116327A8205F0032AB10 /* CurrencyViewModel.swift */,
				091BE29827B12D4200AE4482 /* TranslationViewModel.swift */,
				0935115F27A81C890032AB10 /* BaseStateViewModel.swift */,
				09AFDC0427C2E1C800AB1C51 /* WeatherViewModel.swift */,
			);
			path = ViewModels;
			sourceTree = "<group>";
		};
		091825A927A9400100C73C01 /* Controllers */ = {
			isa = PBXGroup;
			children = (
				09C5F06E2795720200EA50A8 /* ViewController.swift */,
				09D8638D27BBF7890084012F /* WeatherViewController.swift */,
				0981D94327AD9327000758C8 /* MainTranslationControllerViewController.swift */,
				0981D94527AD9D50000758C8 /* TranslatedViewController.swift */,
			);
			path = Controllers;
			sourceTree = "<group>";
		};
		091825AA27A9402300C73C01 /* Model */ = {
			isa = PBXGroup;
			children = (
				096D946227C534E2006F9B42 /* Weather */,
				096D946127C534B4006F9B42 /* Location */,
				091BE29A27B12E1C00AE4482 /* TranslationBaseState.swift */,
				096D946327C53520006F9B42 /* Currency */,
				09F0175727CA454B00A380D6 /* Error */,
				096D946427C5353E006F9B42 /* Translation */,
			);
			path = Model;
			sourceTree = "<group>";
		};
		091825AB27A9406A00C73C01 /* RestAPI */ = {
			isa = PBXGroup;
			children = (
				09D52AE1283B9B2A00D0B982 /* OpenWeatherMap */,
				093F1D00283A5CE7000B069E /* Fixer */,
				091BE29227B11B1D00AE4482 /* GoogleAPI.swift */,
				0981D94127AD3B67000758C8 /* RestApi.swift */,
			);
			path = RestAPI;
			sourceTree = "<group>";
		};
		091825AC27A940D700C73C01 /* Mock */ = {
			isa = PBXGroup;
			children = (
				0986242D27A011C40026E3A6 /* MockData.swift */,
			);
			path = Mock;
			sourceTree = "<group>";
		};
		0922E6D827CD1942007FBA0A /* RestAPITests */ = {
			isa = PBXGroup;
			children = (
				0922E6D227CBE12A007FBA0A /* OpenWeatherAPITest.swift */,
				0922E6D427CCD16B007FBA0A /* TranslateAPITest.swift */,
				0922E6D627CCE455007FBA0A /* CurrencyAPITest.swift */,
			);
			path = RestAPITests;
			sourceTree = "<group>";
		};
		0922E6DB27CD48C1007FBA0A /* ViewModelTests */ = {
			isa = PBXGroup;
			children = (
				0922E6D927CD198E007FBA0A /* CurrencyViewModelTest.swift */,
				0921172C27CE1D0100260B9D /* WeatherViewModelTest.swift */,
				0922E6DC27CD48EA007FBA0A /* TranslationViewModelTest.swift */,
			);
			path = ViewModelTests;
			sourceTree = "<group>";
		};
		093F1D00283A5CE7000B069E /* Fixer */ = {
			isa = PBXGroup;
			children = (
				09D19FB2279F00B3007FFAAA /* FixerAPI.swift */,
				093F1D01283A5D16000B069E /* FixerCurrencyExchange.swift */,
			);
			path = Fixer;
			sourceTree = "<group>";
		};
		096D946127C534B4006F9B42 /* Location */ = {
			isa = PBXGroup;
			children = (
				09AFDC0627C39D0600AB1C51 /* UserLocationManager.swift */,
				09AFDC0827C3A2AD00AB1C51 /* Location.swift */,
			);
			path = Location;
			sourceTree = "<group>";
		};
		096D946227C534E2006F9B42 /* Weather */ = {
			isa = PBXGroup;
			children = (
				09D8638F27BC0D990084012F /* Weather.swift */,
				09665598283C2A4500894134 /* extension.swift */,
				09AFDC0227C2DE5F00AB1C51 /* WeatherBaseState.swift */,
			);
			path = Weather;
			sourceTree = "<group>";
		};
		096D946327C53520006F9B42 /* Currency */ = {
			isa = PBXGroup;
			children = (
				098CBDB4279DB7C300365D2D /* CurrencyExchange.swift */,
				093F1CFC283A596C000B069E /* Currency.swift */,
				0935116127A81DBA0032AB10 /* CurrencyBaseState.swift */,
				09D52ADF283B975700D0B982 /* extension.swift */,
			);
			path = Currency;
			sourceTree = "<group>";
		};
		096D946427C5353E006F9B42 /* Translation */ = {
			isa = PBXGroup;
			children = (
				091BE29427B11BD500AE4482 /* TranslatedResponse.swift */,
				091BE29627B12B0700AE4482 /* Language.swift */,
			);
			path = Translation;
			sourceTree = "<group>";
		};
		098BB97A27D4DF2E0047B4A0 /* ViewControllerTests */ = {
			isa = PBXGroup;
			children = (
				090B03A527D60253003E11CA /* Weather */,
				098BB98027D51E3D0047B4A0 /* Translation */,
				098BB97D27D51D9B0047B4A0 /* Currency */,
			);
			path = ViewControllerTests;
			sourceTree = "<group>";
		};
		098BB97D27D51D9B0047B4A0 /* Currency */ = {
			isa = PBXGroup;
			children = (
				098BB97B27D4DF520047B4A0 /* ViewControllerTest.swift */,
				098BB97E27D51DC60047B4A0 /* CurrencyViewModelMock.swift */,
			);
			path = Currency;
			sourceTree = "<group>";
		};
		098BB98027D51E3D0047B4A0 /* Translation */ = {
			isa = PBXGroup;
			children = (
				090B03AA27D619E7003E11CA /* TranslationControllersTest.swift */,
			);
			path = Translation;
			sourceTree = "<group>";
		};
		09C5F05E2795720200EA50A8 = {
			isa = PBXGroup;
			children = (
				09C5F0692795720200EA50A8 /* Baluchon */,
				09C5F0802795720300EA50A8 /* BaluchonTests */,
				09C5F08A2795720300EA50A8 /* BaluchonUITests */,
				09C5F0682795720200EA50A8 /* Products */,
				09D19FB4279F0106007FFAAA /* Frameworks */,
			);
			sourceTree = "<group>";
		};
		09C5F0682795720200EA50A8 /* Products */ = {
			isa = PBXGroup;
			children = (
				09C5F0672795720200EA50A8 /* Baluchon.app */,
				09C5F07D2795720300EA50A8 /* BaluchonTests.xctest */,
			);
			name = Products;
			sourceTree = "<group>";
		};
		09C5F0692795720200EA50A8 /* Baluchon */ = {
			isa = PBXGroup;
			children = (
				09C5F06A2795720200EA50A8 /* AppDelegate.swift */,
				09665592283C249700894134 /* ApiKeys.swift */,
				09C5F06C2795720200EA50A8 /* SceneDelegate.swift */,
				0915DEB927B7CF3F00010192 /* ViewModels */,
				0915DEB827B7CEFC00010192 /* DI */,
				091825AC27A940D700C73C01 /* Mock */,
				091825A927A9400100C73C01 /* Controllers */,
				091825AA27A9402300C73C01 /* Model */,
				091825AB27A9406A00C73C01 /* RestAPI */,
				09C5F0702795720200EA50A8 /* Main.storyboard */,
				094ADC6B279AC6BF005B2437 /* SwitchView.swift */,
				098BB97827D375EA0047B4A0 /* ResetButton.swift */,
				09C5F0732795720200EA50A8 /* Assets.xcassets */,
				09C5F0752795720200EA50A8 /* LaunchScreen.storyboard */,
				09C5F0782795720200EA50A8 /* Info.plist */,
				0966558E283BF61000894134 /* ApiKeys.swift */,
			);
			path = Baluchon;
			sourceTree = "<group>";
		};
		09C5F0802795720300EA50A8 /* BaluchonTests */ = {
			isa = PBXGroup;
			children = (
				098BB97A27D4DF2E0047B4A0 /* ViewControllerTests */,
				0922E6D827CD1942007FBA0A /* RestAPITests */,
				0922E6DB27CD48C1007FBA0A /* ViewModelTests */,
			);
			path = BaluchonTests;
			sourceTree = "<group>";
		};
		09C5F08A2795720300EA50A8 /* BaluchonUITests */ = {
			isa = PBXGroup;
			children = (
				09C5F08B2795720300EA50A8 /* BaluchonUITests.swift */,
				09C5F08D2795720300EA50A8 /* BaluchonUITestsLaunchTests.swift */,
			);
			path = BaluchonUITests;
			sourceTree = "<group>";
		};
		09D19FB4279F0106007FFAAA /* Frameworks */ = {
			isa = PBXGroup;
			children = (
			);
			name = Frameworks;
			sourceTree = "<group>";
		};
		09D52AE1283B9B2A00D0B982 /* OpenWeatherMap */ = {
			isa = PBXGroup;
			children = (
				09A50B2B283BD65900B39BDC /* OpenWeatherAPI.swift */,
				0966558A283BF44D00894134 /* OpenWeather.swift */,
				09665596283C297B00894134 /* extension.swift */,
				09665594283C289300894134 /* Decodable.swift */,
			);
			path = OpenWeatherMap;
			sourceTree = "<group>";
		};
		09F0175727CA454B00A380D6 /* Error */ = {
			isa = PBXGroup;
			children = (
				09F0175527CA44E100A380D6 /* BaluchonAlert.swift */,
				0986242F27A011F90026E3A6 /* BaluchonError.swift */,
			);
			path = Error;
			sourceTree = "<group>";
		};
/* End PBXGroup section */

/* Begin PBXNativeTarget section */
		09C5F0662795720200EA50A8 /* Baluchon */ = {
			isa = PBXNativeTarget;
			buildConfigurationList = 09C5F0912795720300EA50A8 /* Build configuration list for PBXNativeTarget "Baluchon" */;
			buildPhases = (
				09C5F0632795720200EA50A8 /* Sources */,
				09C5F0642795720200EA50A8 /* Frameworks */,
				09C5F0652795720200EA50A8 /* Resources */,
			);
			buildRules = (
			);
			dependencies = (
			);
			name = Baluchon;
			packageProductDependencies = (
				09B85B0A2795EE5100777452 /* FlagKit */,
				0912DE0E279F1786008327E5 /* RxSwift */,
				0912DE10279F178B008327E5 /* RxCocoa */,
				0912DE12279F1790008327E5 /* RxRelay */,
				09447F7E27B66C6C00838132 /* Swinject */,
				09447F8327B6717900838132 /* SwinjectStoryboard */,
				090B03A827D60C6D003E11CA /* RxBlocking */,
			);
			productName = Baluchon;
			productReference = 09C5F0672795720200EA50A8 /* Baluchon.app */;
			productType = "com.apple.product-type.application";
		};
		09C5F07C2795720300EA50A8 /* BaluchonTests */ = {
			isa = PBXNativeTarget;
			buildConfigurationList = 09C5F0942795720300EA50A8 /* Build configuration list for PBXNativeTarget "BaluchonTests" */;
			buildPhases = (
				09C5F0792795720300EA50A8 /* Sources */,
				09C5F07A2795720300EA50A8 /* Frameworks */,
				09C5F07B2795720300EA50A8 /* Resources */,
			);
			buildRules = (
			);
			dependencies = (
				09C5F07F2795720300EA50A8 /* PBXTargetDependency */,
			);
			name = BaluchonTests;
			productName = BaluchonTests;
			productReference = 09C5F07D2795720300EA50A8 /* BaluchonTests.xctest */;
			productType = "com.apple.product-type.bundle.unit-test";
		};
/* End PBXNativeTarget section */

/* Begin PBXProject section */
		09C5F05F2795720200EA50A8 /* Project object */ = {
			isa = PBXProject;
			attributes = {
				BuildIndependentTargetsInParallel = YES;
				LastSwiftUpdateCheck = 1310;
				LastUpgradeCheck = 1310;
				TargetAttributes = {
					09C5F0662795720200EA50A8 = {
						CreatedOnToolsVersion = 13.1;
					};
					09C5F07C2795720300EA50A8 = {
						CreatedOnToolsVersion = 13.1;
						TestTargetID = 09C5F0662795720200EA50A8;
					};
				};
			};
			buildConfigurationList = 09C5F0622795720200EA50A8 /* Build configuration list for PBXProject "Baluchon" */;
			compatibilityVersion = "Xcode 13.0";
			developmentRegion = en;
			hasScannedForEncodings = 0;
			knownRegions = (
				en,
				Base,
			);
			mainGroup = 09C5F05E2795720200EA50A8;
			packageReferences = (
				09B85B092795EE5100777452 /* XCRemoteSwiftPackageReference "FlagKit" */,
				0912DE0D279F1760008327E5 /* XCRemoteSwiftPackageReference "RxSwift" */,
				09447F7D27B66C6C00838132 /* XCRemoteSwiftPackageReference "Swinject" */,
				09447F8227B6717900838132 /* XCRemoteSwiftPackageReference "SwinjectStoryboard" */,
			);
			productRefGroup = 09C5F0682795720200EA50A8 /* Products */;
			projectDirPath = "";
			projectRoot = "";
			targets = (
				09C5F0662795720200EA50A8 /* Baluchon */,
				09C5F07C2795720300EA50A8 /* BaluchonTests */,
			);
		};
/* End PBXProject section */

/* Begin PBXResourcesBuildPhase section */
		09C5F0652795720200EA50A8 /* Resources */ = {
			isa = PBXResourcesBuildPhase;
			buildActionMask = 2147483647;
			files = (
				09C5F0772795720200EA50A8 /* LaunchScreen.storyboard in Resources */,
				09C5F0742795720200EA50A8 /* Assets.xcassets in Resources */,
				09C5F0722795720200EA50A8 /* Main.storyboard in Resources */,
			);
			runOnlyForDeploymentPostprocessing = 0;
		};
		09C5F07B2795720300EA50A8 /* Resources */ = {
			isa = PBXResourcesBuildPhase;
			buildActionMask = 2147483647;
			files = (
			);
			runOnlyForDeploymentPostprocessing = 0;
		};
/* End PBXResourcesBuildPhase section */

/* Begin PBXSourcesBuildPhase section */
		09C5F0632795720200EA50A8 /* Sources */ = {
			isa = PBXSourcesBuildPhase;
			buildActionMask = 2147483647;
			files = (
				09D8639027BC0D990084012F /* Weather.swift in Sources */,
				098BB97927D375EA0047B4A0 /* ResetButton.swift in Sources */,
				093F1D02283A5D16000B069E /* FixerCurrencyExchange.swift in Sources */,
				0981D94627AD9D50000758C8 /* TranslatedViewController.swift in Sources */,
				0986242E27A011C40026E3A6 /* MockData.swift in Sources */,
				0986243027A011F90026E3A6 /* BaluchonError.swift in Sources */,
				091BE29927B12D4200AE4482 /* TranslationViewModel.swift in Sources */,
				091BE29327B11B1D00AE4482 /* GoogleAPI.swift in Sources */,
				09A50B2C283BD65900B39BDC /* OpenWeatherAPI.swift in Sources */,
				09665595283C289300894134 /* Decodable.swift in Sources */,
				09AFDC0927C3A2AD00AB1C51 /* Location.swift in Sources */,
				09665599283C2A4500894134 /* extension.swift in Sources */,
				091BE29527B11BD500AE4482 /* TranslatedResponse.swift in Sources */,
				0935116027A81C890032AB10 /* BaseStateViewModel.swift in Sources */,
				0981D94427AD9327000758C8 /* MainTranslationControllerViewController.swift in Sources */,
				09AFDC0527C2E1C800AB1C51 /* WeatherViewModel.swift in Sources */,
				09665593283C249700894134 /* ApiKeys.swift in Sources */,
				0966558F283BF61000894134 /* ApiKeys.swift in Sources */,
				094ADC6C279AC6BF005B2437 /* SwitchView.swift in Sources */,
				093F1CFD283A596C000B069E /* Currency.swift in Sources */,
				0966558B283BF44D00894134 /* OpenWeather.swift in Sources */,
				091BE29727B12B0700AE4482 /* Language.swift in Sources */,
				09D52AE0283B975700D0B982 /* extension.swift in Sources */,
				09F0175627CA44E100A380D6 /* BaluchonAlert.swift in Sources */,
				091BE29B27B12E1C00AE4482 /* TranslationBaseState.swift in Sources */,
				098CBDB5279DB7C300365D2D /* CurrencyExchange.swift in Sources */,
				09C5F06F2795720200EA50A8 /* ViewController.swift in Sources */,
				09C5F06B2795720200EA50A8 /* AppDelegate.swift in Sources */,
				0935116427A8205F0032AB10 /* CurrencyViewModel.swift in Sources */,
				0981D94227AD3B67000758C8 /* RestApi.swift in Sources */,
				09447F7C27B66C0000838132 /* Dependency handler.swift in Sources */,
				0935116227A81DBA0032AB10 /* CurrencyBaseState.swift in Sources */,
				09AFDC0327C2DE5F00AB1C51 /* WeatherBaseState.swift in Sources */,
				09665597283C297B00894134 /* extension.swift in Sources */,
				09C5F06D2795720200EA50A8 /* SceneDelegate.swift in Sources */,
				09D19FB3279F00B3007FFAAA /* FixerAPI.swift in Sources */,
				09D8638E27BBF7890084012F /* WeatherViewController.swift in Sources */,
				09AFDC0727C39D0600AB1C51 /* UserLocationManager.swift in Sources */,
			);
			runOnlyForDeploymentPostprocessing = 0;
		};
		09C5F0792795720300EA50A8 /* Sources */ = {
			isa = PBXSourcesBuildPhase;
			buildActionMask = 2147483647;
			files = (
				0922E6D327CBE12A007FBA0A /* OpenWeatherAPITest.swift in Sources */,
				0922E6DA27CD198E007FBA0A /* CurrencyViewModelTest.swift in Sources */,
				098BB97C27D4DF520047B4A0 /* ViewControllerTest.swift in Sources */,
				0922E6D527CCD16B007FBA0A /* TranslateAPITest.swift in Sources */,
				0921172D27CE1D0100260B9D /* WeatherViewModelTest.swift in Sources */,
				0922E6DD27CD48EA007FBA0A /* TranslationViewModelTest.swift in Sources */,
				090B03AB27D619E7003E11CA /* TranslationControllersTest.swift in Sources */,
				0922E6D727CCE455007FBA0A /* CurrencyAPITest.swift in Sources */,
				090B03A727D6026E003E11CA /* TestWeatherController.swift in Sources */,
				098BB97F27D51DC60047B4A0 /* CurrencyViewModelMock.swift in Sources */,
			);
			runOnlyForDeploymentPostprocessing = 0;
		};
/* End PBXSourcesBuildPhase section */

/* Begin PBXTargetDependency section */
		09C5F07F2795720300EA50A8 /* PBXTargetDependency */ = {
			isa = PBXTargetDependency;
			target = 09C5F0662795720200EA50A8 /* Baluchon */;
			targetProxy = 09C5F07E2795720300EA50A8 /* PBXContainerItemProxy */;
		};
/* End PBXTargetDependency section */

/* Begin PBXVariantGroup section */
		09C5F0702795720200EA50A8 /* Main.storyboard */ = {
			isa = PBXVariantGroup;
			children = (
				09C5F0712795720200EA50A8 /* Base */,
			);
			name = Main.storyboard;
			sourceTree = "<group>";
		};
		09C5F0752795720200EA50A8 /* LaunchScreen.storyboard */ = {
			isa = PBXVariantGroup;
			children = (
				09C5F0762795720200EA50A8 /* Base */,
			);
			name = LaunchScreen.storyboard;
			sourceTree = "<group>";
		};
/* End PBXVariantGroup section */

/* Begin XCBuildConfiguration section */
		09C5F08F2795720300EA50A8 /* Debug */ = {
			isa = XCBuildConfiguration;
			buildSettings = {
				ALWAYS_SEARCH_USER_PATHS = NO;
				CLANG_ANALYZER_NONNULL = YES;
				CLANG_ANALYZER_NUMBER_OBJECT_CONVERSION = YES_AGGRESSIVE;
				CLANG_CXX_LANGUAGE_STANDARD = "gnu++17";
				CLANG_CXX_LIBRARY = "libc++";
				CLANG_ENABLE_MODULES = YES;
				CLANG_ENABLE_OBJC_ARC = YES;
				CLANG_ENABLE_OBJC_WEAK = YES;
				CLANG_WARN_BLOCK_CAPTURE_AUTORELEASING = YES;
				CLANG_WARN_BOOL_CONVERSION = YES;
				CLANG_WARN_COMMA = YES;
				CLANG_WARN_CONSTANT_CONVERSION = YES;
				CLANG_WARN_DEPRECATED_OBJC_IMPLEMENTATIONS = YES;
				CLANG_WARN_DIRECT_OBJC_ISA_USAGE = YES_ERROR;
				CLANG_WARN_DOCUMENTATION_COMMENTS = YES;
				CLANG_WARN_EMPTY_BODY = YES;
				CLANG_WARN_ENUM_CONVERSION = YES;
				CLANG_WARN_INFINITE_RECURSION = YES;
				CLANG_WARN_INT_CONVERSION = YES;
				CLANG_WARN_NON_LITERAL_NULL_CONVERSION = YES;
				CLANG_WARN_OBJC_IMPLICIT_RETAIN_SELF = YES;
				CLANG_WARN_OBJC_LITERAL_CONVERSION = YES;
				CLANG_WARN_OBJC_ROOT_CLASS = YES_ERROR;
				CLANG_WARN_QUOTED_INCLUDE_IN_FRAMEWORK_HEADER = YES;
				CLANG_WARN_RANGE_LOOP_ANALYSIS = YES;
				CLANG_WARN_STRICT_PROTOTYPES = YES;
				CLANG_WARN_SUSPICIOUS_MOVE = YES;
				CLANG_WARN_UNGUARDED_AVAILABILITY = YES_AGGRESSIVE;
				CLANG_WARN_UNREACHABLE_CODE = YES;
				CLANG_WARN__DUPLICATE_METHOD_MATCH = YES;
				COPY_PHASE_STRIP = NO;
				DEBUG_INFORMATION_FORMAT = dwarf;
				ENABLE_STRICT_OBJC_MSGSEND = YES;
				ENABLE_TESTABILITY = YES;
				GCC_C_LANGUAGE_STANDARD = gnu11;
				GCC_DYNAMIC_NO_PIC = NO;
				GCC_NO_COMMON_BLOCKS = YES;
				GCC_OPTIMIZATION_LEVEL = 0;
				GCC_PREPROCESSOR_DEFINITIONS = (
					"DEBUG=1",
					"$(inherited)",
				);
				GCC_WARN_64_TO_32_BIT_CONVERSION = YES;
				GCC_WARN_ABOUT_RETURN_TYPE = YES_ERROR;
				GCC_WARN_UNDECLARED_SELECTOR = YES;
				GCC_WARN_UNINITIALIZED_AUTOS = YES_AGGRESSIVE;
				GCC_WARN_UNUSED_FUNCTION = YES;
				GCC_WARN_UNUSED_VARIABLE = YES;
				IPHONEOS_DEPLOYMENT_TARGET = 15.0;
				MTL_ENABLE_DEBUG_INFO = INCLUDE_SOURCE;
				MTL_FAST_MATH = YES;
				ONLY_ACTIVE_ARCH = YES;
				SDKROOT = iphoneos;
				SWIFT_ACTIVE_COMPILATION_CONDITIONS = DEBUG;
				SWIFT_OPTIMIZATION_LEVEL = "-Onone";
			};
			name = Debug;
		};
		09C5F0902795720300EA50A8 /* Release */ = {
			isa = XCBuildConfiguration;
			buildSettings = {
				ALWAYS_SEARCH_USER_PATHS = NO;
				CLANG_ANALYZER_NONNULL = YES;
				CLANG_ANALYZER_NUMBER_OBJECT_CONVERSION = YES_AGGRESSIVE;
				CLANG_CXX_LANGUAGE_STANDARD = "gnu++17";
				CLANG_CXX_LIBRARY = "libc++";
				CLANG_ENABLE_MODULES = YES;
				CLANG_ENABLE_OBJC_ARC = YES;
				CLANG_ENABLE_OBJC_WEAK = YES;
				CLANG_WARN_BLOCK_CAPTURE_AUTORELEASING = YES;
				CLANG_WARN_BOOL_CONVERSION = YES;
				CLANG_WARN_COMMA = YES;
				CLANG_WARN_CONSTANT_CONVERSION = YES;
				CLANG_WARN_DEPRECATED_OBJC_IMPLEMENTATIONS = YES;
				CLANG_WARN_DIRECT_OBJC_ISA_USAGE = YES_ERROR;
				CLANG_WARN_DOCUMENTATION_COMMENTS = YES;
				CLANG_WARN_EMPTY_BODY = YES;
				CLANG_WARN_ENUM_CONVERSION = YES;
				CLANG_WARN_INFINITE_RECURSION = YES;
				CLANG_WARN_INT_CONVERSION = YES;
				CLANG_WARN_NON_LITERAL_NULL_CONVERSION = YES;
				CLANG_WARN_OBJC_IMPLICIT_RETAIN_SELF = YES;
				CLANG_WARN_OBJC_LITERAL_CONVERSION = YES;
				CLANG_WARN_OBJC_ROOT_CLASS = YES_ERROR;
				CLANG_WARN_QUOTED_INCLUDE_IN_FRAMEWORK_HEADER = YES;
				CLANG_WARN_RANGE_LOOP_ANALYSIS = YES;
				CLANG_WARN_STRICT_PROTOTYPES = YES;
				CLANG_WARN_SUSPICIOUS_MOVE = YES;
				CLANG_WARN_UNGUARDED_AVAILABILITY = YES_AGGRESSIVE;
				CLANG_WARN_UNREACHABLE_CODE = YES;
				CLANG_WARN__DUPLICATE_METHOD_MATCH = YES;
				COPY_PHASE_STRIP = NO;
				DEBUG_INFORMATION_FORMAT = "dwarf-with-dsym";
				ENABLE_NS_ASSERTIONS = NO;
				ENABLE_STRICT_OBJC_MSGSEND = YES;
				GCC_C_LANGUAGE_STANDARD = gnu11;
				GCC_NO_COMMON_BLOCKS = YES;
				GCC_WARN_64_TO_32_BIT_CONVERSION = YES;
				GCC_WARN_ABOUT_RETURN_TYPE = YES_ERROR;
				GCC_WARN_UNDECLARED_SELECTOR = YES;
				GCC_WARN_UNINITIALIZED_AUTOS = YES_AGGRESSIVE;
				GCC_WARN_UNUSED_FUNCTION = YES;
				GCC_WARN_UNUSED_VARIABLE = YES;
				IPHONEOS_DEPLOYMENT_TARGET = 15.0;
				MTL_ENABLE_DEBUG_INFO = NO;
				MTL_FAST_MATH = YES;
				SDKROOT = iphoneos;
				SWIFT_COMPILATION_MODE = wholemodule;
				SWIFT_OPTIMIZATION_LEVEL = "-O";
				VALIDATE_PRODUCT = YES;
			};
			name = Release;
		};
		09C5F0922795720300EA50A8 /* Debug */ = {
			isa = XCBuildConfiguration;
			buildSettings = {
				ASSETCATALOG_COMPILER_APPICON_NAME = AppIcon;
				ASSETCATALOG_COMPILER_GLOBAL_ACCENT_COLOR_NAME = AccentColor;
				CODE_SIGN_STYLE = Automatic;
				CURRENT_PROJECT_VERSION = 1;
				DEVELOPMENT_TEAM = 7ZG4KANLDR;
				GENERATE_INFOPLIST_FILE = YES;
				INFOPLIST_FILE = Baluchon/Info.plist;
				INFOPLIST_KEY_UIApplicationSupportsIndirectInputEvents = YES;
				INFOPLIST_KEY_UILaunchStoryboardName = LaunchScreen;
				INFOPLIST_KEY_UIMainStoryboardFile = Main;
				INFOPLIST_KEY_UISupportedInterfaceOrientations_iPad = "UIInterfaceOrientationPortrait UIInterfaceOrientationPortraitUpsideDown UIInterfaceOrientationLandscapeLeft UIInterfaceOrientationLandscapeRight";
				INFOPLIST_KEY_UISupportedInterfaceOrientations_iPhone = "UIInterfaceOrientationPortrait UIInterfaceOrientationLandscapeLeft UIInterfaceOrientationLandscapeRight";
				LD_RUNPATH_SEARCH_PATHS = (
					"$(inherited)",
					"@executable_path/Frameworks",
				);
				MARKETING_VERSION = 1.0;
				PRODUCT_BUNDLE_IDENTIFIER = "com.openclassRoom.Projet-9.Baluchon";
				PRODUCT_NAME = "$(TARGET_NAME)";
				SWIFT_EMIT_LOC_STRINGS = YES;
				SWIFT_VERSION = 5.0;
				TARGETED_DEVICE_FAMILY = 1;
			};
			name = Debug;
		};
		09C5F0932795720300EA50A8 /* Release */ = {
			isa = XCBuildConfiguration;
			buildSettings = {
				ASSETCATALOG_COMPILER_APPICON_NAME = AppIcon;
				ASSETCATALOG_COMPILER_GLOBAL_ACCENT_COLOR_NAME = AccentColor;
				CODE_SIGN_STYLE = Automatic;
				CURRENT_PROJECT_VERSION = 1;
				DEVELOPMENT_TEAM = 7ZG4KANLDR;
				GENERATE_INFOPLIST_FILE = YES;
				INFOPLIST_FILE = Baluchon/Info.plist;
				INFOPLIST_KEY_UIApplicationSupportsIndirectInputEvents = YES;
				INFOPLIST_KEY_UILaunchStoryboardName = LaunchScreen;
				INFOPLIST_KEY_UIMainStoryboardFile = Main;
				INFOPLIST_KEY_UISupportedInterfaceOrientations_iPad = "UIInterfaceOrientationPortrait UIInterfaceOrientationPortraitUpsideDown UIInterfaceOrientationLandscapeLeft UIInterfaceOrientationLandscapeRight";
				INFOPLIST_KEY_UISupportedInterfaceOrientations_iPhone = "UIInterfaceOrientationPortrait UIInterfaceOrientationLandscapeLeft UIInterfaceOrientationLandscapeRight";
				LD_RUNPATH_SEARCH_PATHS = (
					"$(inherited)",
					"@executable_path/Frameworks",
				);
				MARKETING_VERSION = 1.0;
				PRODUCT_BUNDLE_IDENTIFIER = "com.openclassRoom.Projet-9.Baluchon";
				PRODUCT_NAME = "$(TARGET_NAME)";
				SWIFT_EMIT_LOC_STRINGS = YES;
				SWIFT_VERSION = 5.0;
				TARGETED_DEVICE_FAMILY = 1;
			};
			name = Release;
		};
		09C5F0952795720300EA50A8 /* Debug */ = {
			isa = XCBuildConfiguration;
			buildSettings = {
				ALWAYS_EMBED_SWIFT_STANDARD_LIBRARIES = YES;
				BUNDLE_LOADER = "$(TEST_HOST)";
				CODE_SIGN_STYLE = Automatic;
				CURRENT_PROJECT_VERSION = 1;
				DEVELOPMENT_TEAM = 7ZG4KANLDR;
				GENERATE_INFOPLIST_FILE = YES;
				IPHONEOS_DEPLOYMENT_TARGET = 15.0;
				LD_RUNPATH_SEARCH_PATHS = (
					"$(inherited)",
					"@executable_path/Frameworks",
					"@loader_path/Frameworks",
				);
				MARKETING_VERSION = 1.0;
				PRODUCT_BUNDLE_IDENTIFIER = "com.openclassRoom.Projet-9.BaluchonTests";
				PRODUCT_NAME = "$(TARGET_NAME)";
				SWIFT_EMIT_LOC_STRINGS = NO;
				SWIFT_VERSION = 5.0;
				TARGETED_DEVICE_FAMILY = "1,2";
				TEST_HOST = "$(BUILT_PRODUCTS_DIR)/Baluchon.app/Baluchon";
			};
			name = Debug;
		};
		09C5F0962795720300EA50A8 /* Release */ = {
			isa = XCBuildConfiguration;
			buildSettings = {
				ALWAYS_EMBED_SWIFT_STANDARD_LIBRARIES = YES;
				BUNDLE_LOADER = "$(TEST_HOST)";
				CODE_SIGN_STYLE = Automatic;
				CURRENT_PROJECT_VERSION = 1;
				DEVELOPMENT_TEAM = 7ZG4KANLDR;
				GENERATE_INFOPLIST_FILE = YES;
				IPHONEOS_DEPLOYMENT_TARGET = 15.0;
				LD_RUNPATH_SEARCH_PATHS = (
					"$(inherited)",
					"@executable_path/Frameworks",
					"@loader_path/Frameworks",
				);
				MARKETING_VERSION = 1.0;
				PRODUCT_BUNDLE_IDENTIFIER = "com.openclassRoom.Projet-9.BaluchonTests";
				PRODUCT_NAME = "$(TARGET_NAME)";
				SWIFT_EMIT_LOC_STRINGS = NO;
				SWIFT_VERSION = 5.0;
				TARGETED_DEVICE_FAMILY = "1,2";
				TEST_HOST = "$(BUILT_PRODUCTS_DIR)/Baluchon.app/Baluchon";
			};
			name = Release;
		};
/* End XCBuildConfiguration section */

/* Begin XCConfigurationList section */
		09C5F0622795720200EA50A8 /* Build configuration list for PBXProject "Baluchon" */ = {
			isa = XCConfigurationList;
			buildConfigurations = (
				09C5F08F2795720300EA50A8 /* Debug */,
				09C5F0902795720300EA50A8 /* Release */,
			);
			defaultConfigurationIsVisible = 0;
			defaultConfigurationName = Release;
		};
		09C5F0912795720300EA50A8 /* Build configuration list for PBXNativeTarget "Baluchon" */ = {
			isa = XCConfigurationList;
			buildConfigurations = (
				09C5F0922795720300EA50A8 /* Debug */,
				09C5F0932795720300EA50A8 /* Release */,
			);
			defaultConfigurationIsVisible = 0;
			defaultConfigurationName = Release;
		};
		09C5F0942795720300EA50A8 /* Build configuration list for PBXNativeTarget "BaluchonTests" */ = {
			isa = XCConfigurationList;
			buildConfigurations = (
				09C5F0952795720300EA50A8 /* Debug */,
				09C5F0962795720300EA50A8 /* Release */,
			);
			defaultConfigurationIsVisible = 0;
			defaultConfigurationName = Release;
		};
/* End XCConfigurationList section */

/* Begin XCRemoteSwiftPackageReference section */
		0912DE0D279F1760008327E5 /* XCRemoteSwiftPackageReference "RxSwift" */ = {
			isa = XCRemoteSwiftPackageReference;
			repositoryURL = "https://github.com/ReactiveX/RxSwift.git";
			requirement = {
				kind = upToNextMinorVersion;
				minimumVersion = 6.0.0;
			};
		};
		09447F7D27B66C6C00838132 /* XCRemoteSwiftPackageReference "Swinject" */ = {
			isa = XCRemoteSwiftPackageReference;
			repositoryURL = "https://github.com/Swinject/Swinject.git";
			requirement = {
				kind = upToNextMajorVersion;
				minimumVersion = 2.0.0;
			};
		};
		09447F8227B6717900838132 /* XCRemoteSwiftPackageReference "SwinjectStoryboard" */ = {
			isa = XCRemoteSwiftPackageReference;
			repositoryURL = "https://github.com/Swinject/SwinjectStoryboard.git";
			requirement = {
				kind = upToNextMajorVersion;
				minimumVersion = 2.0.0;
			};
		};
		09B85B092795EE5100777452 /* XCRemoteSwiftPackageReference "FlagKit" */ = {
			isa = XCRemoteSwiftPackageReference;
			repositoryURL = "https://github.com/madebybowtie/FlagKit.git";
			requirement = {
				kind = upToNextMajorVersion;
				minimumVersion = 2.0.0;
			};
		};
/* End XCRemoteSwiftPackageReference section */

/* Begin XCSwiftPackageProductDependency section */
		090B03A827D60C6D003E11CA /* RxBlocking */ = {
			isa = XCSwiftPackageProductDependency;
			package = 0912DE0D279F1760008327E5 /* XCRemoteSwiftPackageReference "RxSwift" */;
			productName = RxBlocking;
		};
		0912DE0E279F1786008327E5 /* RxSwift */ = {
			isa = XCSwiftPackageProductDependency;
			package = 0912DE0D279F1760008327E5 /* XCRemoteSwiftPackageReference "RxSwift" */;
			productName = RxSwift;
		};
		0912DE10279F178B008327E5 /* RxCocoa */ = {
			isa = XCSwiftPackageProductDependency;
			package = 0912DE0D279F1760008327E5 /* XCRemoteSwiftPackageReference "RxSwift" */;
			productName = RxCocoa;
		};
		0912DE12279F1790008327E5 /* RxRelay */ = {
			isa = XCSwiftPackageProductDependency;
			package = 0912DE0D279F1760008327E5 /* XCRemoteSwiftPackageReference "RxSwift" */;
			productName = RxRelay;
		};
		09447F7E27B66C6C00838132 /* Swinject */ = {
			isa = XCSwiftPackageProductDependency;
			package = 09447F7D27B66C6C00838132 /* XCRemoteSwiftPackageReference "Swinject" */;
			productName = Swinject;
		};
		09447F8327B6717900838132 /* SwinjectStoryboard */ = {
			isa = XCSwiftPackageProductDependency;
			package = 09447F8227B6717900838132 /* XCRemoteSwiftPackageReference "SwinjectStoryboard" */;
			productName = SwinjectStoryboard;
		};
		09B85B0A2795EE5100777452 /* FlagKit */ = {
			isa = XCSwiftPackageProductDependency;
			package = 09B85B092795EE5100777452 /* XCRemoteSwiftPackageReference "FlagKit" */;
			productName = FlagKit;
		};
/* End XCSwiftPackageProductDependency section */
	};
	rootObject = 09C5F05F2795720200EA50A8 /* Project object */;
}
